
Microsoft Visual Studio Solution File, Format Version 12.00
# Visual Studio 14
VisualStudioVersion = 14.0.25420.1
MinimumVisualStudioVersion = 10.0.40219.1
Project("{FAE04EC0-301F-11D3-BF4B-00C04F79EFBC}") = "P01. Hello, Name!", "P01. Hello, Name!\P01. Hello, Name!.csproj", "{667F953D-A7EE-44ED-837E-A83547BAE319}"
EndProject
Project("{FAE04EC0-301F-11D3-BF4B-00C04F79EFBC}") = "P02. Max Method", "P02. Max Method\P02. Max Method.csproj", "{2426DFD6-ED11-4812-A549-F7E1D4D76D33}"
EndProject
Project("{FAE04EC0-301F-11D3-BF4B-00C04F79EFBC}") = "P03. English Name of Last Digit", "P03. English Name of Last Digit\P03. English Name of Last Digit.csproj", "{DD796365-9FA5-4241-AD51-16322298F73F}"
EndProject
Project("{FAE04EC0-301F-11D3-BF4B-00C04F79EFBC}") = "P04.Numbers in Reversed Order", "P04.Numbers in Reversed Order\P04.Numbers in Reversed Order.csproj", "{9AF2F11D-8B9B-4A62-8797-D2B0DDE2A7DC}"
EndProject
Project("{FAE04EC0-301F-11D3-BF4B-00C04F79EFBC}") = "P05. Fibonacci Numbers", "P05. Fibonacci Numbers\P05. Fibonacci Numbers.csproj", "{EB9E016A-8E66-46E3-8893-72EC81288E35}"
EndProject
Project("{FAE04EC0-301F-11D3-BF4B-00C04F79EFBC}") = "P06. Prime Checker", "P06. Prime Checker\P06. Prime Checker.csproj", "{86E0E33B-19AD-4FE4-B9EA-E0C9FDBFD268}"
EndProject
Project("{FAE04EC0-301F-11D3-BF4B-00C04F79EFBC}") = "P07. Primes in Given Range", "P07. Primes in Given Range\P07. Primes in Given Range.csproj", "{D04BAA2A-6C1F-4FB0-A782-DDBB2B3779AE}"
EndProject
Project("{FAE04EC0-301F-11D3-BF4B-00C04F79EFBC}") = "P08. Center Point", "P08. Center Point\P08. Center Point.csproj", "{D088C470-E502-4861-8C08-6B88129E7D25}"
EndProject
Project("{FAE04EC0-301F-11D3-BF4B-00C04F79EFBC}") = "P09. Longer Line", "P09. Longer Line\P09. Longer Line.csproj", "{B8FB3186-CCF4-4E9E-B210-5BD8FF5C48A4}"
EndProject
Project("{FAE04EC0-301F-11D3-BF4B-00C04F79EFBC}") = "P10. Cube Properties", "P10. Cube Properties\P10. Cube Properties.csproj", "{6610FD91-4951-4E00-9FE2-90389CCDCBCD}"
EndProject
Project("{FAE04EC0-301F-11D3-BF4B-00C04F79EFBC}") = "P11. Geometry Calculator", "P11. Geometry Calculator\P11. Geometry Calculator.csproj", "{0257B7ED-C13D-4BB9-A45D-78D75874EDDE}"
EndProject
Project("{FAE04EC0-301F-11D3-BF4B-00C04F79EFBC}") = "P12. Master Number", "P12. Master Number\P12. Master Number.csproj", "{DCB0DAEE-2738-412B-B77F-1672E7C76CC4}"
EndProject
Project("{FAE04EC0-301F-11D3-BF4B-00C04F79EFBC}") = "P13. Factorial", "P13. Factorial\P13. Factorial.csproj", "{2F2727E3-1E4A-4952-89ED-2C5C68F7EF9B}"
EndProject
Project("{FAE04EC0-301F-11D3-BF4B-00C04F79EFBC}") = "P14. Factorial Trailing Zeroes", "P14. Factorial Trailing Zeroes\P14. Factorial Trailing Zeroes.csproj", "{74465DF0-AC04-45AB-B694-09908B077C10}"
EndProject
Project("{FAE04EC0-301F-11D3-BF4B-00C04F79EFBC}") = "P15. Substring", "P15. Substring\P15. Substring.csproj", "{2AE76512-42E5-4EF3-B10A-5987CDEA5D6B}"
EndProject
Global
	GlobalSection(SolutionConfigurationPlatforms) = preSolution
		Debug|Any CPU = Debug|Any CPU
		Release|Any CPU = Release|Any CPU
	EndGlobalSection
	GlobalSection(ProjectConfigurationPlatforms) = postSolution
		{667F953D-A7EE-44ED-837E-A83547BAE319}.Debug|Any CPU.ActiveCfg = Debug|Any CPU
		{667F953D-A7EE-44ED-837E-A83547BAE319}.Debug|Any CPU.Build.0 = Debug|Any CPU
		{667F953D-A7EE-44ED-837E-A83547BAE319}.Release|Any CPU.ActiveCfg = Release|Any CPU
		{667F953D-A7EE-44ED-837E-A83547BAE319}.Release|Any CPU.Build.0 = Release|Any CPU
		{2426DFD6-ED11-4812-A549-F7E1D4D76D33}.Debug|Any CPU.ActiveCfg = Debug|Any CPU
		{2426DFD6-ED11-4812-A549-F7E1D4D76D33}.Debug|Any CPU.Build.0 = Debug|Any CPU
		{2426DFD6-ED11-4812-A549-F7E1D4D76D33}.Release|Any CPU.ActiveCfg = Release|Any CPU
		{2426DFD6-ED11-4812-A549-F7E1D4D76D33}.Release|Any CPU.Build.0 = Release|Any CPU
		{DD796365-9FA5-4241-AD51-16322298F73F}.Debug|Any CPU.ActiveCfg = Debug|Any CPU
		{DD796365-9FA5-4241-AD51-16322298F73F}.Debug|Any CPU.Build.0 = Debug|Any CPU
		{DD796365-9FA5-4241-AD51-16322298F73F}.Release|Any CPU.ActiveCfg = Release|Any CPU
		{DD796365-9FA5-4241-AD51-16322298F73F}.Release|Any CPU.Build.0 = Release|Any CPU
		{9AF2F11D-8B9B-4A62-8797-D2B0DDE2A7DC}.Debug|Any CPU.ActiveCfg = Debug|Any CPU
		{9AF2F11D-8B9B-4A62-8797-D2B0DDE2A7DC}.Debug|Any CPU.Build.0 = Debug|Any CPU
		{9AF2F11D-8B9B-4A62-8797-D2B0DDE2A7DC}.Release|Any CPU.ActiveCfg = Release|Any CPU
		{9AF2F11D-8B9B-4A62-8797-D2B0DDE2A7DC}.Release|Any CPU.Build.0 = Release|Any CPU
		{EB9E016A-8E66-46E3-8893-72EC81288E35}.Debug|Any CPU.ActiveCfg = Debug|Any CPU
		{EB9E016A-8E66-46E3-8893-72EC81288E35}.Debug|Any CPU.Build.0 = Debug|Any CPU
		{EB9E016A-8E66-46E3-8893-72EC81288E35}.Release|Any CPU.ActiveCfg = Release|Any CPU
		{EB9E016A-8E66-46E3-8893-72EC81288E35}.Release|Any CPU.Build.0 = Release|Any CPU
		{86E0E33B-19AD-4FE4-B9EA-E0C9FDBFD268}.Debug|Any CPU.ActiveCfg = Debug|Any CPU
		{86E0E33B-19AD-4FE4-B9EA-E0C9FDBFD268}.Debug|Any CPU.Build.0 = Debug|Any CPU
		{86E0E33B-19AD-4FE4-B9EA-E0C9FDBFD268}.Release|Any CPU.ActiveCfg = Release|Any CPU
		{86E0E33B-19AD-4FE4-B9EA-E0C9FDBFD268}.Release|Any CPU.Build.0 = Release|Any CPU
		{D04BAA2A-6C1F-4FB0-A782-DDBB2B3779AE}.Debug|Any CPU.ActiveCfg = Debug|Any CPU
		{D04BAA2A-6C1F-4FB0-A782-DDBB2B3779AE}.Debug|Any CPU.Build.0 = Debug|Any CPU
		{D04BAA2A-6C1F-4FB0-A782-DDBB2B3779AE}.Release|Any CPU.ActiveCfg = Release|Any CPU
		{D04BAA2A-6C1F-4FB0-A782-DDBB2B3779AE}.Release|Any CPU.Build.0 = Release|Any CPU
		{D088C470-E502-4861-8C08-6B88129E7D25}.Debug|Any CPU.ActiveCfg = Debug|Any CPU
		{D088C470-E502-4861-8C08-6B88129E7D25}.Debug|Any CPU.Build.0 = Debug|Any CPU
		{D088C470-E502-4861-8C08-6B88129E7D25}.Release|Any CPU.ActiveCfg = Release|Any CPU
		{D088C470-E502-4861-8C08-6B88129E7D25}.Release|Any CPU.Build.0 = Release|Any CPU
		{B8FB3186-CCF4-4E9E-B210-5BD8FF5C48A4}.Debug|Any CPU.ActiveCfg = Debug|Any CPU
		{B8FB3186-CCF4-4E9E-B210-5BD8FF5C48A4}.Debug|Any CPU.Build.0 = Debug|Any CPU
		{B8FB3186-CCF4-4E9E-B210-5BD8FF5C48A4}.Release|Any CPU.ActiveCfg = Release|Any CPU
		{B8FB3186-CCF4-4E9E-B210-5BD8FF5C48A4}.Release|Any CPU.Build.0 = Release|Any CPU
		{6610FD91-4951-4E00-9FE2-90389CCDCBCD}.Debug|Any CPU.ActiveCfg = Debug|Any CPU
		{6610FD91-4951-4E00-9FE2-90389CCDCBCD}.Debug|Any CPU.Build.0 = Debug|Any CPU
		{6610FD91-4951-4E00-9FE2-90389CCDCBCD}.Release|Any CPU.ActiveCfg = Release|Any CPU
		{6610FD91-4951-4E00-9FE2-90389CCDCBCD}.Release|Any CPU.Build.0 = Release|Any CPU
		{0257B7ED-C13D-4BB9-A45D-78D75874EDDE}.Debug|Any CPU.ActiveCfg = Debug|Any CPU
		{0257B7ED-C13D-4BB9-A45D-78D75874EDDE}.Debug|Any CPU.Build.0 = Debug|Any CPU
		{0257B7ED-C13D-4BB9-A45D-78D75874EDDE}.Release|Any CPU.ActiveCfg = Release|Any CPU
		{0257B7ED-C13D-4BB9-A45D-78D75874EDDE}.Release|Any CPU.Build.0 = Release|Any CPU
		{DCB0DAEE-2738-412B-B77F-1672E7C76CC4}.Debug|Any CPU.ActiveCfg = Debug|Any CPU
		{DCB0DAEE-2738-412B-B77F-1672E7C76CC4}.Debug|Any CPU.Build.0 = Debug|Any CPU
		{DCB0DAEE-2738-412B-B77F-1672E7C76CC4}.Release|Any CPU.ActiveCfg = Release|Any CPU
		{DCB0DAEE-2738-412B-B77F-1672E7C76CC4}.Release|Any CPU.Build.0 = Release|Any CPU
		{2F2727E3-1E4A-4952-89ED-2C5C68F7EF9B}.Debug|Any CPU.ActiveCfg = Debug|Any CPU
		{2F2727E3-1E4A-4952-89ED-2C5C68F7EF9B}.Debug|Any CPU.Build.0 = Debug|Any CPU
		{2F2727E3-1E4A-4952-89ED-2C5C68F7EF9B}.Release|Any CPU.ActiveCfg = Release|Any CPU
		{2F2727E3-1E4A-4952-89ED-2C5C68F7EF9B}.Release|Any CPU.Build.0 = Release|Any CPU
		{74465DF0-AC04-45AB-B694-09908B077C10}.Debug|Any CPU.ActiveCfg = Debug|Any CPU
		{74465DF0-AC04-45AB-B694-09908B077C10}.Debug|Any CPU.Build.0 = Debug|Any CPU
		{74465DF0-AC04-45AB-B694-09908B077C10}.Release|Any CPU.ActiveCfg = Release|Any CPU
		{74465DF0-AC04-45AB-B694-09908B077C10}.Release|Any CPU.Build.0 = Release|Any CPU
		{2AE76512-42E5-4EF3-B10A-5987CDEA5D6B}.Debug|Any CPU.ActiveCfg = Debug|Any CPU
		{2AE76512-42E5-4EF3-B10A-5987CDEA5D6B}.Debug|Any CPU.Build.0 = Debug|Any CPU
		{2AE76512-42E5-4EF3-B10A-5987CDEA5D6B}.Release|Any CPU.ActiveCfg = Release|Any CPU
		{2AE76512-42E5-4EF3-B10A-5987CDEA5D6B}.Release|Any CPU.Build.0 = Release|Any CPU
	EndGlobalSection
	GlobalSection(SolutionProperties) = preSolution
		HideSolutionNode = FALSE
	EndGlobalSection
EndGlobal
