
Microsoft Visual Studio Solution File, Format Version 12.00
# Visual Studio 14
VisualStudioVersion = 14.0.25420.1
MinimumVisualStudioVersion = 10.0.40219.1
Project("{FAE04EC0-301F-11D3-BF4B-00C04F79EFBC}") = "ConsoleApplication1", "ConsoleApplication1\ConsoleApplication1.csproj", "{DEC0D863-4DC6-46BB-9057-82996A6D0D59}"
EndProject
Project("{FAE04EC0-301F-11D3-BF4B-00C04F79EFBC}") = "P01.Day of Week", "P01.Day of Week\P01.Day of Week.csproj", "{C02F8BF4-D804-4611-906C-6BFA9AD5C0AF}"
EndProject
Project("{FAE04EC0-301F-11D3-BF4B-00C04F79EFBC}") = "P02. Randomize Words", "P02. Randomize Words\P02. Randomize Words.csproj", "{EF38A79D-DE5E-44D8-8755-4181A81FB67B}"
EndProject
Project("{FAE04EC0-301F-11D3-BF4B-00C04F79EFBC}") = "P03. Big Factorial", "P03. Big Factorial\P03. Big Factorial.csproj", "{A4069A5F-48C7-473C-9DA0-244AF59F210D}"
EndProject
Project("{FAE04EC0-301F-11D3-BF4B-00C04F79EFBC}") = "Nuget Graphic Examples", "Nuget Graphic Examples\Nuget Graphic Examples.csproj", "{3204B979-9990-4B95-8657-6B658553C237}"
EndProject
Project("{FAE04EC0-301F-11D3-BF4B-00C04F79EFBC}") = "P01. Count Working Days", "P01. Count Working Days\P01. Count Working Days.csproj", "{59978761-1F04-4615-A88C-8713A0953448}"
EndProject
Project("{FAE04EC0-301F-11D3-BF4B-00C04F79EFBC}") = "P02. Advertisement Message", "P02. Advertisement Message\P02. Advertisement Message.csproj", "{01629628-8615-480A-BCF0-D20F34613F60}"
EndProject
Project("{FAE04EC0-301F-11D3-BF4B-00C04F79EFBC}") = "P03. Circles Intersection", "P03. Circles Intersection\P03. Circles Intersection.csproj", "{F39F5314-79E6-4334-A2FA-EAAC9569640B}"
EndProject
Project("{FAE04EC0-301F-11D3-BF4B-00C04F79EFBC}") = "P04. Average Grades", "P04. Average Grades\P04. Average Grades.csproj", "{F306D3C6-D1B6-4C53-9FA6-D6958DF44F5B}"
EndProject
Project("{FAE04EC0-301F-11D3-BF4B-00C04F79EFBC}") = "P05. Book Library", "P05. Book Library\P05. Book Library.csproj", "{122834E8-E774-4845-B57B-32F20E80B3D8}"
EndProject
Project("{FAE04EC0-301F-11D3-BF4B-00C04F79EFBC}") = "P06. Book Library Modification", "P06. Book Library Modification\P06. Book Library Modification.csproj", "{4DB65F8A-7488-4CE5-97B7-21509BC10D2D}"
EndProject
Project("{FAE04EC0-301F-11D3-BF4B-00C04F79EFBC}") = "P07. Andrey and Billiard", "P07. Andrey and Billiard\P07. Andrey and Billiard.csproj", "{5B725E56-E86D-42FD-BE59-0BA5B13ABC5C}"
EndProject
Project("{FAE04EC0-301F-11D3-BF4B-00C04F79EFBC}") = "P08. Mentor Group", "P08. Mentor Group\P08. Mentor Group.csproj", "{2BAD4A4B-93C9-47F0-A079-5A65E456870B}"
EndProject
Project("{FAE04EC0-301F-11D3-BF4B-00C04F79EFBC}") = "P09. Teamwork Projects", "P09. Teamwork Projects\P09. Teamwork Projects.csproj", "{29250337-B729-426A-BA0C-24A82EB4809E}"
EndProject
Global
	GlobalSection(SolutionConfigurationPlatforms) = preSolution
		Debug|Any CPU = Debug|Any CPU
		Release|Any CPU = Release|Any CPU
	EndGlobalSection
	GlobalSection(ProjectConfigurationPlatforms) = postSolution
		{DEC0D863-4DC6-46BB-9057-82996A6D0D59}.Debug|Any CPU.ActiveCfg = Debug|Any CPU
		{DEC0D863-4DC6-46BB-9057-82996A6D0D59}.Debug|Any CPU.Build.0 = Debug|Any CPU
		{DEC0D863-4DC6-46BB-9057-82996A6D0D59}.Release|Any CPU.ActiveCfg = Release|Any CPU
		{DEC0D863-4DC6-46BB-9057-82996A6D0D59}.Release|Any CPU.Build.0 = Release|Any CPU
		{C02F8BF4-D804-4611-906C-6BFA9AD5C0AF}.Debug|Any CPU.ActiveCfg = Debug|Any CPU
		{C02F8BF4-D804-4611-906C-6BFA9AD5C0AF}.Debug|Any CPU.Build.0 = Debug|Any CPU
		{C02F8BF4-D804-4611-906C-6BFA9AD5C0AF}.Release|Any CPU.ActiveCfg = Release|Any CPU
		{C02F8BF4-D804-4611-906C-6BFA9AD5C0AF}.Release|Any CPU.Build.0 = Release|Any CPU
		{EF38A79D-DE5E-44D8-8755-4181A81FB67B}.Debug|Any CPU.ActiveCfg = Debug|Any CPU
		{EF38A79D-DE5E-44D8-8755-4181A81FB67B}.Debug|Any CPU.Build.0 = Debug|Any CPU
		{EF38A79D-DE5E-44D8-8755-4181A81FB67B}.Release|Any CPU.ActiveCfg = Release|Any CPU
		{EF38A79D-DE5E-44D8-8755-4181A81FB67B}.Release|Any CPU.Build.0 = Release|Any CPU
		{A4069A5F-48C7-473C-9DA0-244AF59F210D}.Debug|Any CPU.ActiveCfg = Debug|Any CPU
		{A4069A5F-48C7-473C-9DA0-244AF59F210D}.Debug|Any CPU.Build.0 = Debug|Any CPU
		{A4069A5F-48C7-473C-9DA0-244AF59F210D}.Release|Any CPU.ActiveCfg = Release|Any CPU
		{A4069A5F-48C7-473C-9DA0-244AF59F210D}.Release|Any CPU.Build.0 = Release|Any CPU
		{3204B979-9990-4B95-8657-6B658553C237}.Debug|Any CPU.ActiveCfg = Debug|Any CPU
		{3204B979-9990-4B95-8657-6B658553C237}.Debug|Any CPU.Build.0 = Debug|Any CPU
		{3204B979-9990-4B95-8657-6B658553C237}.Release|Any CPU.ActiveCfg = Release|Any CPU
		{3204B979-9990-4B95-8657-6B658553C237}.Release|Any CPU.Build.0 = Release|Any CPU
		{59978761-1F04-4615-A88C-8713A0953448}.Debug|Any CPU.ActiveCfg = Debug|Any CPU
		{59978761-1F04-4615-A88C-8713A0953448}.Debug|Any CPU.Build.0 = Debug|Any CPU
		{59978761-1F04-4615-A88C-8713A0953448}.Release|Any CPU.ActiveCfg = Release|Any CPU
		{59978761-1F04-4615-A88C-8713A0953448}.Release|Any CPU.Build.0 = Release|Any CPU
		{01629628-8615-480A-BCF0-D20F34613F60}.Debug|Any CPU.ActiveCfg = Debug|Any CPU
		{01629628-8615-480A-BCF0-D20F34613F60}.Debug|Any CPU.Build.0 = Debug|Any CPU
		{01629628-8615-480A-BCF0-D20F34613F60}.Release|Any CPU.ActiveCfg = Release|Any CPU
		{01629628-8615-480A-BCF0-D20F34613F60}.Release|Any CPU.Build.0 = Release|Any CPU
		{F39F5314-79E6-4334-A2FA-EAAC9569640B}.Debug|Any CPU.ActiveCfg = Debug|Any CPU
		{F39F5314-79E6-4334-A2FA-EAAC9569640B}.Debug|Any CPU.Build.0 = Debug|Any CPU
		{F39F5314-79E6-4334-A2FA-EAAC9569640B}.Release|Any CPU.ActiveCfg = Release|Any CPU
		{F39F5314-79E6-4334-A2FA-EAAC9569640B}.Release|Any CPU.Build.0 = Release|Any CPU
		{F306D3C6-D1B6-4C53-9FA6-D6958DF44F5B}.Debug|Any CPU.ActiveCfg = Debug|Any CPU
		{F306D3C6-D1B6-4C53-9FA6-D6958DF44F5B}.Debug|Any CPU.Build.0 = Debug|Any CPU
		{F306D3C6-D1B6-4C53-9FA6-D6958DF44F5B}.Release|Any CPU.ActiveCfg = Release|Any CPU
		{F306D3C6-D1B6-4C53-9FA6-D6958DF44F5B}.Release|Any CPU.Build.0 = Release|Any CPU
		{122834E8-E774-4845-B57B-32F20E80B3D8}.Debug|Any CPU.ActiveCfg = Debug|Any CPU
		{122834E8-E774-4845-B57B-32F20E80B3D8}.Debug|Any CPU.Build.0 = Debug|Any CPU
		{122834E8-E774-4845-B57B-32F20E80B3D8}.Release|Any CPU.ActiveCfg = Release|Any CPU
		{122834E8-E774-4845-B57B-32F20E80B3D8}.Release|Any CPU.Build.0 = Release|Any CPU
		{4DB65F8A-7488-4CE5-97B7-21509BC10D2D}.Debug|Any CPU.ActiveCfg = Debug|Any CPU
		{4DB65F8A-7488-4CE5-97B7-21509BC10D2D}.Debug|Any CPU.Build.0 = Debug|Any CPU
		{4DB65F8A-7488-4CE5-97B7-21509BC10D2D}.Release|Any CPU.ActiveCfg = Release|Any CPU
		{4DB65F8A-7488-4CE5-97B7-21509BC10D2D}.Release|Any CPU.Build.0 = Release|Any CPU
		{5B725E56-E86D-42FD-BE59-0BA5B13ABC5C}.Debug|Any CPU.ActiveCfg = Debug|Any CPU
		{5B725E56-E86D-42FD-BE59-0BA5B13ABC5C}.Debug|Any CPU.Build.0 = Debug|Any CPU
		{5B725E56-E86D-42FD-BE59-0BA5B13ABC5C}.Release|Any CPU.ActiveCfg = Release|Any CPU
		{5B725E56-E86D-42FD-BE59-0BA5B13ABC5C}.Release|Any CPU.Build.0 = Release|Any CPU
		{2BAD4A4B-93C9-47F0-A079-5A65E456870B}.Debug|Any CPU.ActiveCfg = Debug|Any CPU
		{2BAD4A4B-93C9-47F0-A079-5A65E456870B}.Debug|Any CPU.Build.0 = Debug|Any CPU
		{2BAD4A4B-93C9-47F0-A079-5A65E456870B}.Release|Any CPU.ActiveCfg = Release|Any CPU
		{2BAD4A4B-93C9-47F0-A079-5A65E456870B}.Release|Any CPU.Build.0 = Release|Any CPU
		{29250337-B729-426A-BA0C-24A82EB4809E}.Debug|Any CPU.ActiveCfg = Debug|Any CPU
		{29250337-B729-426A-BA0C-24A82EB4809E}.Debug|Any CPU.Build.0 = Debug|Any CPU
		{29250337-B729-426A-BA0C-24A82EB4809E}.Release|Any CPU.ActiveCfg = Release|Any CPU
		{29250337-B729-426A-BA0C-24A82EB4809E}.Release|Any CPU.Build.0 = Release|Any CPU
	EndGlobalSection
	GlobalSection(SolutionProperties) = preSolution
		HideSolutionNode = FALSE
	EndGlobalSection
EndGlobal
